
Microsoft Visual Studio Solution File, Format Version 12.00
# Visual Studio Version 17
VisualStudioVersion = 17.7.34031.279
MinimumVisualStudioVersion = 10.0.40219.1
Project("{FAE04EC0-301F-11D3-BF4B-00C04F79EFBC}") = "AbstractClassWithConstructors", "AbstractClassWithConstructors\AbstractClassWithConstructors.csproj", "{C2D964C9-3A87-4EC5-8188-3C0F39A475B5}"
EndProject
Global
	GlobalSection(SolutionConfigurationPlatforms) = preSolution
		Debug|Any CPU = Debug|Any CPU
		Release|Any CPU = Release|Any CPU
	EndGlobalSection
	GlobalSection(ProjectConfigurationPlatforms) = postSolution
		{C2D964C9-3A87-4EC5-8188-3C0F39A475B5}.Debug|Any CPU.ActiveCfg = Debug|Any CPU
		{C2D964C9-3A87-4EC5-8188-3C0F39A475B5}.Debug|Any CPU.Build.0 = Debug|Any CPU
		{C2D964C9-3A87-4EC5-8188-3C0F39A475B5}.Release|Any CPU.ActiveCfg = Release|Any CPU
		{C2D964C9-3A87-4EC5-8188-3C0F39A475B5}.Release|Any CPU.Build.0 = Release|Any CPU
	EndGlobalSection
	GlobalSection(SolutionProperties) = preSolution
		HideSolutionNode = FALSE
	EndGlobalSection
	GlobalSection(ExtensibilityGlobals) = postSolution
		SolutionGuid = {E1FE8795-1F1A-4FE6-BA3F-5C0F9F6D4D96}
	EndGlobalSection
EndGlobal
